
Microsoft Visual Studio Solution File, Format Version 12.00
Project("{FAE04EC0-301F-11D3-BF4B-00C04F79EFBC}") = "Fade Lounge", "Fade Lounge.csproj", "{22A68FCD-96D0-4315-9667-41155FF1EADE}"
EndProject
Global
	GlobalSection(SolutionConfigurationPlatforms) = preSolution
		Debug|Any CPU = Debug|Any CPU
		Release|Any CPU = Release|Any CPU
	EndGlobalSection
	GlobalSection(ProjectConfigurationPlatforms) = postSolution
		{22A68FCD-96D0-4315-9667-41155FF1EADE}.Debug|Any CPU.ActiveCfg = Debug|Any CPU
		{22A68FCD-96D0-4315-9667-41155FF1EADE}.Debug|Any CPU.Build.0 = Debug|Any CPU
		{22A68FCD-96D0-4315-9667-41155FF1EADE}.Release|Any CPU.ActiveCfg = Release|Any CPU
		{22A68FCD-96D0-4315-9667-41155FF1EADE}.Release|Any CPU.Build.0 = Release|Any CPU
	EndGlobalSection
EndGlobal
